#MicroXplorer Configuration settings - do not modify
ADC1.Channel-0\#ChannelRegularConversion=ADC_CHANNEL_3
ADC1.ClockPrescaler=ADC_CLOCK_ASYNC_DIV8
ADC1.CommonPathInternal=null|null|null|null
ADC1.IPParameters=Rank-0\#ChannelRegularConversion,master,Channel-0\#ChannelRegularConversion,SamplingTime-0\#ChannelRegularConversion,OffsetNumber-0\#ChannelRegularConversion,NbrOfConversionFlag,ClockPrescaler,CommonPathInternal
ADC1.NbrOfConversionFlag=1
ADC1.OffsetNumber-0\#ChannelRegularConversion=ADC_OFFSET_NONE
ADC1.Rank-0\#ChannelRegularConversion=1
ADC1.SamplingTime-0\#ChannelRegularConversion=ADC_SAMPLETIME_2CYCLES_5
ADC1.master=1
CAD.formats=
CAD.pinconfig=
CAD.provider=
Dma.Request0=SAI1_A
Dma.Request1=SPI1_TX
Dma.Request2=SPI1_RX
Dma.RequestsNb=3
Dma.SAI1_A.0.Direction=DMA_PERIPH_TO_MEMORY
Dma.SAI1_A.0.EventEnable=DISABLE
Dma.SAI1_A.0.Instance=DMA1_Channel1
Dma.SAI1_A.0.MemDataAlignment=DMA_MDATAALIGN_HALFWORD
Dma.SAI1_A.0.MemInc=DMA_MINC_ENABLE
Dma.SAI1_A.0.Mode=DMA_CIRCULAR
Dma.SAI1_A.0.PeriphDataAlignment=DMA_PDATAALIGN_HALFWORD
Dma.SAI1_A.0.PeriphInc=DMA_PINC_DISABLE
Dma.SAI1_A.0.Polarity=HAL_DMAMUX_REQ_GEN_RISING
Dma.SAI1_A.0.Priority=DMA_PRIORITY_LOW
Dma.SAI1_A.0.RequestNumber=1
Dma.SAI1_A.0.RequestParameters=Instance,Direction,PeriphInc,MemInc,PeriphDataAlignment,MemDataAlignment,Mode,Priority,SignalID,Polarity,RequestNumber,SyncSignalID,SyncPolarity,SyncEnable,EventEnable,SyncRequestNumber
Dma.SAI1_A.0.SignalID=NONE
Dma.SAI1_A.0.SyncEnable=DISABLE
Dma.SAI1_A.0.SyncPolarity=HAL_DMAMUX_SYNC_NO_EVENT
Dma.SAI1_A.0.SyncRequestNumber=1
Dma.SAI1_A.0.SyncSignalID=NONE
Dma.SPI1_RX.2.Direction=DMA_PERIPH_TO_MEMORY
Dma.SPI1_RX.2.EventEnable=DISABLE
Dma.SPI1_RX.2.Instance=DMA1_Channel3
Dma.SPI1_RX.2.MemDataAlignment=DMA_MDATAALIGN_BYTE
Dma.SPI1_RX.2.MemInc=DMA_MINC_ENABLE
Dma.SPI1_RX.2.Mode=DMA_NORMAL
Dma.SPI1_RX.2.PeriphDataAlignment=DMA_PDATAALIGN_BYTE
Dma.SPI1_RX.2.PeriphInc=DMA_PINC_DISABLE
Dma.SPI1_RX.2.Polarity=HAL_DMAMUX_REQ_GEN_RISING
Dma.SPI1_RX.2.Priority=DMA_PRIORITY_LOW
Dma.SPI1_RX.2.RequestNumber=1
Dma.SPI1_RX.2.RequestParameters=Instance,Direction,PeriphInc,MemInc,PeriphDataAlignment,MemDataAlignment,Mode,Priority,SignalID,Polarity,RequestNumber,SyncSignalID,SyncPolarity,SyncEnable,EventEnable,SyncRequestNumber
Dma.SPI1_RX.2.SignalID=NONE
Dma.SPI1_RX.2.SyncEnable=DISABLE
Dma.SPI1_RX.2.SyncPolarity=HAL_DMAMUX_SYNC_NO_EVENT
Dma.SPI1_RX.2.SyncRequestNumber=1
Dma.SPI1_RX.2.SyncSignalID=NONE
Dma.SPI1_TX.1.Direction=DMA_MEMORY_TO_PERIPH
Dma.SPI1_TX.1.EventEnable=DISABLE
Dma.SPI1_TX.1.Instance=DMA1_Channel2
Dma.SPI1_TX.1.MemDataAlignment=DMA_MDATAALIGN_BYTE
Dma.SPI1_TX.1.MemInc=DMA_MINC_ENABLE
Dma.SPI1_TX.1.Mode=DMA_NORMAL
Dma.SPI1_TX.1.PeriphDataAlignment=DMA_PDATAALIGN_BYTE
Dma.SPI1_TX.1.PeriphInc=DMA_PINC_DISABLE
Dma.SPI1_TX.1.Polarity=HAL_DMAMUX_REQ_GEN_RISING
Dma.SPI1_TX.1.Priority=DMA_PRIORITY_LOW
Dma.SPI1_TX.1.RequestNumber=1
Dma.SPI1_TX.1.RequestParameters=Instance,Direction,PeriphInc,MemInc,PeriphDataAlignment,MemDataAlignment,Mode,Priority,SignalID,Polarity,RequestNumber,SyncSignalID,SyncPolarity,SyncEnable,EventEnable,SyncRequestNumber
Dma.SPI1_TX.1.SignalID=NONE
Dma.SPI1_TX.1.SyncEnable=DISABLE
Dma.SPI1_TX.1.SyncPolarity=HAL_DMAMUX_SYNC_NO_EVENT
Dma.SPI1_TX.1.SyncRequestNumber=1
Dma.SPI1_TX.1.SyncSignalID=NONE
FATFS.IPParameters=_USE_LFN,_FS_EXFAT,_FS_RPATH,_MAX_SS,_USE_CHMOD,_FS_LOCK,_USE_MUTEX,_FS_TIMEOUT
FATFS._FS_EXFAT=1
FATFS._FS_LOCK=3
FATFS._FS_RPATH=0
FATFS._FS_TIMEOUT=5000
FATFS._MAX_SS=512
FATFS._USE_CHMOD=1
FATFS._USE_LFN=2
FATFS._USE_MUTEX=0
FREERTOS.HEAP_NUMBER=4
FREERTOS.IPParameters=Tasks01,configENABLE_FPU,configUSE_NEWLIB_REENTRANT,configMINIMAL_STACK_SIZE,HEAP_NUMBER,configTOTAL_HEAP_SIZE
FREERTOS.Tasks01=defaultTask,24,256,StartDefaultTask,Default,NULL,Dynamic,NULL,NULL
FREERTOS.configENABLE_FPU=1
FREERTOS.configMINIMAL_STACK_SIZE=256
FREERTOS.configTOTAL_HEAP_SIZE=40000
FREERTOS.configUSE_NEWLIB_REENTRANT=1
File.Version=6
GPIO.groupedBy=Group By Peripherals
I2C1.IPParameters=Timing
I2C1.Timing=0x00B07CB4
I2C3.IPParameters=Timing
I2C3.Timing=0x00B07CB4
KeepUserPlacement=false
MMTAppReg1.MEMORYMAP.AppRegionName=RAM
MMTAppReg1.MEMORYMAP.ContextName=Cortex-M4NS
MMTAppReg1.MEMORYMAP.CoreName=ARM Cortex-M4
MMTAppReg1.MEMORYMAP.DefaultDataRegion=true
MMTAppReg1.MEMORYMAP.IPParameters=StartAddress,Size,CoreName,DefaultDataRegion,ContextName,Name
MMTAppReg1.MEMORYMAP.Name=RAM
MMTAppReg1.MEMORYMAP.Size=262144
MMTAppReg1.MEMORYMAP.StartAddress=0x20000000
MMTAppReg2.MEMORYMAP.AppRegionName=FLASH
MMTAppReg2.MEMORYMAP.ContextName=Cortex-M4NS
MMTAppReg2.MEMORYMAP.CoreName=ARM Cortex-M4
MMTAppReg2.MEMORYMAP.DefaultCodeRegion=true
MMTAppReg2.MEMORYMAP.DefaultDataRegion=false
MMTAppReg2.MEMORYMAP.IPParameters=StartAddress,Size,CoreName,DefaultDataRegion,MemType,ContextName,Name,DefaultCodeRegion
MMTAppReg2.MEMORYMAP.MemType=ROM
MMTAppReg2.MEMORYMAP.Name=FLASH
MMTAppReg2.MEMORYMAP.Size=1048576
MMTAppReg2.MEMORYMAP.StartAddress=0x08000000
MMTAppRegionsCount=2
MMTConfigApplied=false
Mcu.CPN=STM32WB5MMGH6TR
Mcu.Family=STM32WB
Mcu.IP0=ADC1
Mcu.IP1=DMA
Mcu.IP10=RCC
Mcu.IP11=RF
Mcu.IP12=RTC
Mcu.IP13=SAI1
Mcu.IP14=SPI1
Mcu.IP15=SPI2
Mcu.IP16=STM32_WPAN
Mcu.IP17=SYS
Mcu.IP18=TIM2
Mcu.IP19=TIM16
Mcu.IP2=FATFS
Mcu.IP20=TINY_LPM
Mcu.IP21=USB
Mcu.IP22=USB_DEVICE
Mcu.IP3=FREERTOS
Mcu.IP4=HSEM
Mcu.IP5=I2C1
Mcu.IP6=I2C3
Mcu.IP7=IPCC
Mcu.IP8=MEMORYMAP
Mcu.IP9=NVIC
Mcu.IPNb=23
Mcu.Name=STM32WB5MMGHx
Mcu.Package=LGA86
Mcu.Pin0=PC3
Mcu.Pin1=PC2
Mcu.Pin10=PC10
Mcu.Pin11=PC11
Mcu.Pin12=PC12
Mcu.Pin13=PA13
Mcu.Pin14=PA14
Mcu.Pin15=PA15
Mcu.Pin16=PA10
Mcu.Pin17=PA12
Mcu.Pin18=PA11
Mcu.Pin19=PD0
Mcu.Pin2=PC1
Mcu.Pin20=PD1
Mcu.Pin21=PB13
Mcu.Pin22=PC6
Mcu.Pin23=PB14
Mcu.Pin24=PB15
Mcu.Pin25=PB6
Mcu.Pin26=PC13
Mcu.Pin27=PB12
Mcu.Pin28=PB0
Mcu.Pin29=PC5
Mcu.Pin3=PB9
Mcu.Pin30=PB11
Mcu.Pin31=PB10
Mcu.Pin32=PC4
Mcu.Pin33=PA9
Mcu.Pin34=PA6
Mcu.Pin35=PA5
Mcu.Pin36=PA4
Mcu.Pin37=PE1
Mcu.Pin38=PD13
Mcu.Pin39=PD12
Mcu.Pin4=PC0
Mcu.Pin40=PD7
Mcu.Pin41=PD2
Mcu.Pin42=PC9
Mcu.Pin43=PD3
Mcu.Pin44=PC7
Mcu.Pin45=PE3
Mcu.Pin46=PD4
Mcu.Pin47=PD9
Mcu.Pin48=PD8
Mcu.Pin49=PE0
Mcu.Pin5=PB8
Mcu.Pin50=PD5
Mcu.Pin51=PD6
Mcu.Pin52=PD11
Mcu.Pin53=PC8
Mcu.Pin54=VP_FATFS_VS_Generic
Mcu.Pin55=VP_FREERTOS_VS_CMSIS_V2
Mcu.Pin56=VP_HSEM_VS_HSEM
Mcu.Pin57=VP_IPCC_VS_IPCC
Mcu.Pin58=VP_RCC_V_OSC_IN
Mcu.Pin59=VP_RCC_V_OSC32_IN
Mcu.Pin6=PB7
Mcu.Pin60=VP_RF_VS_RF
Mcu.Pin61=VP_RTC_VS_RTC_Activate
Mcu.Pin62=VP_RTC_VS_RTC_Calendar
Mcu.Pin63=VP_RTC_VS_RTC_Alarm_B_Intern
Mcu.Pin64=VP_RTC_VS_RTC_Alarm_A_Intern
Mcu.Pin65=VP_SAI1_VP_$IpInstance_SAIA_SAI_BASIC
Mcu.Pin66=VP_STM32_WPAN_VS_BLE_HOST
Mcu.Pin67=VP_SYS_VS_tim1
Mcu.Pin68=VP_TIM16_VS_ClockSourceINT
Mcu.Pin69=VP_TINY_LPM_VS_TINY_LPM
Mcu.Pin7=PB5
Mcu.Pin70=VP_USB_DEVICE_VS_USB_DEVICE_CDC_FS
Mcu.Pin71=VP_MEMORYMAP_VS_MEMORYMAP
Mcu.Pin8=PB4
Mcu.Pin9=PB3
Mcu.PinsNb=72
Mcu.ThirdPartyNb=0
Mcu.UserConstants=
Mcu.UserName=STM32WB5MMGHx
MxCube.Version=6.12.1
MxDb.Version=DB.6.0.121
NVIC.BusFault_IRQn=true\:0\:0\:false\:false\:true\:false\:false\:false\:false
NVIC.DMA1_Channel1_IRQn=true\:5\:0\:false\:false\:true\:true\:false\:true\:true
NVIC.DMA1_Channel2_IRQn=true\:5\:0\:false\:false\:true\:true\:false\:true\:true
NVIC.DMA1_Channel3_IRQn=true\:5\:0\:false\:false\:true\:true\:false\:true\:true
NVIC.DebugMonitor_IRQn=true\:0\:0\:false\:false\:true\:false\:false\:false\:false
NVIC.ForceEnableDMAVector=true
NVIC.HSEM_IRQn=true\:5\:0\:false\:false\:true\:true\:false\:true\:true
NVIC.HardFault_IRQn=true\:0\:0\:false\:false\:true\:false\:false\:false\:false
NVIC.IPCC_C1_RX_IRQn=true\:5\:0\:false\:false\:true\:true\:true\:true\:true
NVIC.IPCC_C1_TX_IRQn=true\:5\:0\:false\:false\:true\:true\:true\:true\:true
NVIC.MemoryManagement_IRQn=true\:0\:0\:false\:false\:true\:false\:false\:false\:false
NVIC.NonMaskableInt_IRQn=true\:0\:0\:false\:false\:true\:false\:false\:false\:false
NVIC.PendSV_IRQn=true\:15\:0\:false\:false\:false\:true\:false\:false\:false
NVIC.PriorityGroup=NVIC_PRIORITYGROUP_4
NVIC.SAI1_IRQn=true\:5\:0\:false\:false\:true\:true\:true\:true\:true
NVIC.SPI1_IRQn=true\:5\:0\:false\:false\:true\:true\:true\:true\:true
NVIC.SPI2_IRQn=true\:5\:0\:false\:false\:true\:true\:true\:true\:true
NVIC.SVCall_IRQn=true\:0\:0\:false\:false\:false\:false\:false\:false\:false
NVIC.SavedPendsvIrqHandlerGenerated=true
NVIC.SavedSvcallIrqHandlerGenerated=true
NVIC.SavedSystickIrqHandlerGenerated=true
NVIC.SysTick_IRQn=true\:15\:0\:false\:false\:false\:true\:false\:true\:false
NVIC.TIM1_UP_TIM16_IRQn=true\:15\:0\:false\:false\:true\:false\:true\:true\:true
NVIC.TIM2_IRQn=true\:5\:0\:false\:false\:true\:true\:true\:true\:true
NVIC.TimeBase=TIM1_UP_TIM16_IRQn
NVIC.TimeBaseIP=TIM1
NVIC.USB_LP_IRQn=true\:5\:0\:false\:false\:true\:true\:false\:true\:true
NVIC.UsageFault_IRQn=true\:0\:0\:false\:false\:true\:false\:false\:false\:false
PA10.Locked=true
PA10.Mode=I2C
PA10.Signal=I2C1_SDA
PA11.Mode=Device
PA11.Signal=USB_DM
PA12.Mode=Device
PA12.Signal=USB_DP
PA13.Mode=Serial_Wire
PA13.Signal=SYS_JTMS-SWDIO
PA14.Mode=Serial_Wire
PA14.Signal=SYS_JTCK-SWCLK
PA15.GPIOParameters=GPIO_Label
PA15.GPIO_Label=INT1_IMU_XL
PA15.Locked=true
PA15.Signal=GPXTI15
PA4.GPIOParameters=GPIO_Label
PA4.GPIO_Label=DWM_WAKEUP
PA4.Locked=true
PA4.Signal=GPIO_Output
PA5.GPIOParameters=GPIO_Label
PA5.GPIO_Label=GREEN_LED
PA5.Locked=true
PA5.Signal=S_TIM2_CH1
PA6.GPIOParameters=GPIO_Label
PA6.GPIO_Label=BUZZER_PWM
PA6.Signal=S_TIM16_CH1
PA9.GPIOParameters=GPIO_Label
PA9.GPIO_Label=INT_MAG
PA9.Locked=true
PA9.Signal=GPXTI9
PB0.Locked=true
PB0.Signal=GPXTI0
PB10.GPIOParameters=GPIO_Label
PB10.GPIO_Label=RED_LED
PB10.Locked=true
PB10.Signal=S_TIM2_CH3
PB11.GPIOParameters=GPIO_Label
PB11.GPIO_Label=BLUE_LED
PB11.Locked=true
PB11.Signal=S_TIM2_CH4
PB12.Mode=SAI_A_Master
PB12.Signal=SAI1_FS_A
PB13.GPIOParameters=GPIO_Label
PB13.GPIO_Label=SAI_SCK_A
PB13.Locked=true
PB13.Mode=SAI_A_Master
PB13.Signal=SAI1_SCK_A
PB14.Locked=true
PB14.Mode=I2C
PB14.Signal=I2C3_SDA
PB15.GPIOParameters=GPIO_Label
PB15.GPIO_Label=ADC_PD_RST
PB15.Locked=true
PB15.Signal=GPIO_Output
PB3.Locked=true
PB3.Mode=Full_Duplex_Master
PB3.Signal=SPI1_SCK
PB4.Mode=Full_Duplex_Master
PB4.Signal=SPI1_MISO
PB5.Locked=true
PB5.Mode=Full_Duplex_Master
PB5.Signal=SPI1_MOSI
PB6.Locked=true
PB6.Mode=I2C
PB6.Signal=I2C1_SCL
PB7.GPIOParameters=GPIO_Label
PB7.GPIO_Label=EN_3V3_ALT
PB7.Locked=true
PB7.Signal=GPIO_Output
PB8.GPIOParameters=GPIO_Label
PB8.GPIO_Label=EN_SD_REG
PB8.Locked=true
PB8.Signal=GPIO_Output
PB9.GPIOParameters=GPIO_Label
PB9.GPIO_Label=BATT_CHG
PB9.Locked=true
PB9.Signal=GPIO_Analog
PC0.Locked=true
PC0.Mode=I2C
PC0.Signal=I2C3_SCL
PC1.GPIOParameters=GPIO_Label
PC1.GPIO_Label=SD_CS
PC1.Locked=true
PC1.Signal=GPIO_Output
PC10.GPIOParameters=GPIO_Label
PC10.GPIO_Label=EN_UWB_REG
PC10.Locked=true
PC10.Signal=GPIO_Output
PC11.GPIOParameters=GPIO_Label
PC11.GPIO_Label=EN_SD_REG_2
PC11.Locked=true
PC11.Signal=GPIO_Output
PC12.GPIOParameters=GPIO_Label
PC12.GPIO_Label=EN_MIC_PWR
PC12.Locked=true
PC12.Signal=GPIO_Output
PC13.GPIOParameters=GPIO_Label
PC13.GPIO_Label=MAX78_INT1
PC13.Locked=true
PC13.Signal=GPXTI13
PC2.GPIOParameters=GPIO_Label
PC2.GPIO_Label=BATT_VLTG
PC2.Locked=true
PC2.Signal=SharedAnalog_PC2
PC3.Mode=SAI_A_Master
PC3.Signal=SAI1_SD_A
PC4.GPIOParameters=GPIO_Label
PC4.GPIO_Label=P1_00
PC4.Locked=true
PC4.Signal=GPIO_Analog
PC5.GPIOParameters=GPIO_Label
PC5.GPIO_Label=ZPFL_TRIG
PC5.Locked=true
PC5.Signal=GPXTI5
PC6.GPIOParameters=GPIO_Label
PC6.GPIO_Label=GPS_INT
PC6.Locked=true
PC6.Signal=GPXTI6
PC7.GPIOParameters=GPIO_Label
PC7.GPIO_Label=EN_BUZZER_PWR
PC7.Locked=true
PC7.Signal=GPIO_Output
PC8.GPIOParameters=GPIO_Label
PC8.GPIO_Label=SX_NRESET
PC8.Locked=true
PC8.Signal=GPIO_Output
PC9.GPIOParameters=GPIO_Label
PC9.GPIO_Label=SPI1_SX1262_CS
PC9.Locked=true
PC9.Signal=GPIO_Output
PCC.Ble.ConnectionInterval=1000.0
PCC.Ble.DataLength=6
PCC.Ble.IsUsed=false
PCC.Ble.Mode=NOT_SELECTED
PCC.Ble.PowerLevel=Min
PCC.Zigbee.IsUsed=false
PCC.Zigbee.Mode=Sleepy End Device
PCC.Zigbee.Payload=15
PCC.Zigbee.PoolPeriodicity=480.0
PCC.Zigbee.PowerLevel=Min
PCC.Zigbee.RequestPeriodicity=1500.0
PD0.GPIOParameters=GPIO_Label
PD0.GPIO_Label=SD_DETECT
PD0.Locked=true
PD0.Signal=GPIO_Input
PD1.Locked=true
PD1.Mode=Full_Duplex_Master
PD1.Signal=SPI2_SCK
PD11.GPIOParameters=GPIO_Label
PD11.GPIO_Label=SX_BUSY
PD11.Locked=true
PD11.Signal=GPIO_Output
PD12.GPIOParameters=GPIO_Label
PD12.GPIO_Label=DWM_CS
PD12.Locked=true
PD12.Signal=GPIO_Output
PD13.GPIOParameters=GPIO_Label
PD13.GPIO_Label=EN_BATT_MON
PD13.Locked=true
PD13.Signal=GPIO_Output
PD2.GPIOParameters=GPIO_Label
PD2.GPIO_Label=EN_SD_MUX
PD2.Locked=true
PD2.Signal=GPIO_Output
PD3.Locked=true
PD3.Mode=Full_Duplex_Master
PD3.Signal=SPI2_MISO
PD4.Mode=Full_Duplex_Master
PD4.Signal=SPI2_MOSI
PD5.GPIOParameters=GPIO_Label
PD5.GPIO_Label=EN_3V3_GPS
PD5.Locked=true
PD5.Signal=GPIO_Output
PD6.GPIOParameters=GPIO_Label
PD6.GPIO_Label=SX_DIO1
PD6.Locked=true
PD6.Signal=GPIO_Output
PD7.GPIOParameters=GPIO_Label
PD7.GPIO_Label=DWM_INT
PD7.Locked=true
PD7.Signal=GPXTI7
PD8.GPIOParameters=GPIO_Label
PD8.GPIO_Label=MAX78_INT2
PD8.Locked=true
PD8.Signal=GPXTI8
PD9.GPIOParameters=GPIO_Label
PD9.GPIO_Label=MAX78_INT2
PD9.Locked=true
PD9.Signal=GPIO_Output
PE0.GPIOParameters=GPIO_Label
PE0.GPIO_Label=SD_MUX_SEL
PE0.Locked=true
PE0.Signal=GPIO_Output
PE1.GPIOParameters=GPIO_Label
PE1.GPIO_Label=TIMEPULSE
PE1.Locked=true
PE1.Signal=GPXTI1
PE3.GPIOParameters=GPIO_Label
PE3.GPIO_Label=SD_DETECT_2
PE3.Locked=true
PE3.Signal=GPIO_Input
PinOutPanel.CurrentBGAView=Top
PinOutPanel.RotationAngle=0
ProjectManager.AskForMigrate=true
ProjectManager.BackupPrevious=false
ProjectManager.CompilerOptimize=6
ProjectManager.ComputerToolchain=false
ProjectManager.CoupleFile=false
ProjectManager.CustomerFirmwarePackage=
ProjectManager.DefaultFWLocation=true
ProjectManager.DeletePrevious=true
ProjectManager.DeviceId=STM32WB5MMGHx
ProjectManager.FirmwarePackage=STM32Cube FW_WB V1.17.3
ProjectManager.FreePins=false
ProjectManager.HalAssertFull=false
ProjectManager.HeapSize=0x200
ProjectManager.KeepUserCode=true
ProjectManager.LastFirmware=true
ProjectManager.LibraryCopy=1
ProjectManager.MainLocation=Core/Src
ProjectManager.NoMain=false
ProjectManager.PreviousToolchain=STM32CubeIDE
ProjectManager.ProjectBuild=false
ProjectManager.ProjectFileName=buzzcam.ioc
ProjectManager.ProjectName=buzzcam
ProjectManager.ProjectStructure=
ProjectManager.RegisterCallBack=
ProjectManager.StackSize=0x400
ProjectManager.TargetToolchain=STM32CubeIDE
ProjectManager.ToolChainLocation=
ProjectManager.UAScriptAfterPath=
ProjectManager.UAScriptBeforePath=
ProjectManager.UnderRoot=true
ProjectManager.functionlistsort=1-MX_GPIO_Init-GPIO-false-HAL-true,2-SystemClock_Config-RCC-false-HAL-false,3-MX_DMA_Init-DMA-false-HAL-true,4-MX_I2C3_Init-I2C3-false-HAL-true,5-MX_IPCC_Init-IPCC-false-HAL-true,6-MX_RTC_Init-RTC-false-HAL-true,7-MX_SAI1_Init-SAI1-false-HAL-true,8-MX_SPI1_Init-SPI1-false-HAL-true,9-MX_TIM2_Init-TIM2-false-HAL-true,10-MX_TIM16_Init-TIM16-false-HAL-true,11-MX_FATFS_Init-FATFS-false-HAL-false,12-APPE_Init-STM32_WPAN-false-HAL-false,13-MX_I2C1_Init-I2C1-false-HAL-true,14-MX_SPI2_Init-SPI2-false-HAL-true,15-MX_USB_Device_Init-USB_DEVICE-false-HAL-false,0-MX_RF_Init-RF-false-HAL-true,0-MX_HSEM_Init-HSEM-false-HAL-true
RCC.ADCFreq_Value=48000000
RCC.AHBFreq_Value=32000000
RCC.APB1Freq_Value=32000000
RCC.APB1TimFreq_Value=32000000
RCC.APB2Freq_Value=32000000
RCC.APB2TimFreq_Value=32000000
RCC.APB3Freq_Value=16000000
RCC.Cortex2Freq_Value=32000000
RCC.CortexFreq_Value=32000000
RCC.FCLK2Freq_Value=32000000
RCC.FCLKCortexFreq_Value=32000000
RCC.FamilyName=M
RCC.HCLK2Freq_Value=32000000
RCC.HCLK3Freq_Value=32000000
RCC.HCLKFreq_Value=32000000
RCC.HCLKRFFreq_Value=16000000
RCC.HSE_VALUE=32000000
RCC.HSI48_VALUE=48000000
RCC.HSI_VALUE=16000000
RCC.I2C1Freq_Value=32000000
RCC.I2C3Freq_Value=32000000
RCC.IPParameters=ADCFreq_Value,AHBFreq_Value,APB1Freq_Value,APB1TimFreq_Value,APB2Freq_Value,APB2TimFreq_Value,APB3Freq_Value,Cortex2Freq_Value,CortexFreq_Value,FCLK2Freq_Value,FCLKCortexFreq_Value,FamilyName,HCLK2Freq_Value,HCLK3Freq_Value,HCLKFreq_Value,HCLKRFFreq_Value,HSE_VALUE,HSI48_VALUE,HSI_VALUE,I2C1Freq_Value,I2C3Freq_Value,LCDFreq_Value,LPTIM1Freq_Value,LPTIM2Freq_Value,LPUART1Freq_Value,LSCOPinFreq_Value,LSI_VALUE,MCO1PinFreq_Value,MSIClockRange,PLLM,PLLN,PLLP,PLLPoutputFreq_Value,PLLQoutputFreq_Value,PLLRCLKFreq_Value,PLLSAI1N,PLLSAI1P,PLLSAI1PoutputFreq_Value,PLLSAI1QoutputFreq_Value,PLLSAI1RoutputFreq_Value,PWRFreq_Value,RFWKPClockSelection,RFWKPFreq_Value,RNGFreq_Value,RTCClockSelection,RTCFreq_Value,SAI1CLockSelection,SAI1Freq_Value,SMPS1Freq_Value,SMPSCLockSelection,SMPSCLockSelectionVirtual,SMPSFreq_Value,SYSCLKFreq_VALUE,SYSCLKSource,USART1Freq_Value,USBFreq_Value,VCOInputFreq_Value,VCOOutputFreq_Value,VCOSAI1OutputFreq_Value
RCC.LCDFreq_Value=32774
RCC.LPTIM1Freq_Value=32000000
RCC.LPTIM2Freq_Value=32000000
RCC.LPUART1Freq_Value=32000000
RCC.LSCOPinFreq_Value=32000
RCC.LSI_VALUE=32000
RCC.MCO1PinFreq_Value=32000000
RCC.MSIClockRange=RCC_MSIRANGE_9
RCC.PLLM=RCC_PLLM_DIV5
RCC.PLLN=64
RCC.PLLP=RCC_PLLP_DIV25
RCC.PLLPoutputFreq_Value=12288000
RCC.PLLQoutputFreq_Value=153600000
RCC.PLLRCLKFreq_Value=153600000
RCC.PLLSAI1N=20
RCC.PLLSAI1P=RCC_PLLP_DIV8
RCC.PLLSAI1PoutputFreq_Value=12000000
RCC.PLLSAI1QoutputFreq_Value=48000000
RCC.PLLSAI1RoutputFreq_Value=48000000
RCC.PWRFreq_Value=32000000
RCC.RFWKPClockSelection=RCC_RFWKPCLKSOURCE_LSE
RCC.RFWKPFreq_Value=32774
RCC.RNGFreq_Value=32000
RCC.RTCClockSelection=RCC_RTCCLKSOURCE_LSE
RCC.RTCFreq_Value=32774
RCC.SAI1CLockSelection=RCC_SAI1CLKSOURCE_PLL
RCC.SAI1Freq_Value=12288000
RCC.SMPS1Freq_Value=16000000
RCC.SMPSCLockSelection=RCC_SMPSCLKSOURCE_HSE
RCC.SMPSCLockSelectionVirtual=RCC_SMPSCLKSOURCE_HSE
RCC.SMPSFreq_Value=8000000
RCC.SYSCLKFreq_VALUE=32000000
RCC.SYSCLKSource=RCC_SYSCLKSOURCE_HSE
RCC.USART1Freq_Value=32000000
RCC.USBFreq_Value=48000000
RCC.VCOInputFreq_Value=4800000
RCC.VCOOutputFreq_Value=307200000
RCC.VCOSAI1OutputFreq_Value=96000000
RTC.Alarm-Alarm\ A=RTC_ALARM_A
RTC.Alarm_B-Alarm\ B=RTC_ALARM_B
RTC.IPParameters=Alarm-Alarm A,Alarm_B-Alarm B,StoreOperation
RTC.StoreOperation=RTC_STOREOPERATION_SET
SAI1.AudioFrequency-SAI_A_Master=SAI_AUDIO_FREQUENCY_48K
SAI1.AudioMode-SAI_A_Master=SAI_MODEMASTER_RX
SAI1.ErrorAudioFreq-SAI_A_Master=0.0 %
SAI1.ErrorAudioFreq-SAI_B_Master=-2.34 %
SAI1.IPParameters=Instance-SAI_A_Master,VirtualMode-SAI_A_Master,MClockEnable-SAI_A_Master,RealAudioFreq-SAI_A_Master,ErrorAudioFreq-SAI_A_Master,InitProtocol-SAI_A_Master,VirtualProtocol-SAI_A_BASIC,Instance-SAI_B_Master,VirtualMode-SAI_B_Master,MClockEnable-SAI_B_Master,RealAudioFreq-SAI_B_Master,ErrorAudioFreq-SAI_B_Master,AudioMode-SAI_A_Master,AudioFrequency-SAI_A_Master
SAI1.InitProtocol-SAI_A_Master=Enable
SAI1.Instance-SAI_A_Master=SAI$Index_Block_A
SAI1.Instance-SAI_B_Master=SAI$Index_Block_B
SAI1.MClockEnable-SAI_A_Master=SAI_MASTERCLOCK_DISABLE
SAI1.MClockEnable-SAI_B_Master=SAI_MASTERCLOCK_DISABLE
SAI1.RealAudioFreq-SAI_A_Master=48.0 KHz
SAI1.RealAudioFreq-SAI_B_Master=187.5 KHz
SAI1.VirtualMode-SAI_A_Master=VM_MASTER
SAI1.VirtualMode-SAI_B_Master=VM_MASTER
SAI1.VirtualProtocol-SAI_A_BASIC=VM_BASIC_PROTOCOL
SH.GPXTI0.0=GPIO_EXTI0
SH.GPXTI0.ConfNb=1
SH.GPXTI1.0=GPIO_EXTI1
SH.GPXTI1.ConfNb=1
SH.GPXTI13.0=GPIO_EXTI13
SH.GPXTI13.ConfNb=1
SH.GPXTI15.0=GPIO_EXTI15
SH.GPXTI15.ConfNb=1
SH.GPXTI5.0=GPIO_EXTI5
SH.GPXTI5.ConfNb=1
SH.GPXTI6.0=GPIO_EXTI6
SH.GPXTI6.ConfNb=1
SH.GPXTI7.0=GPIO_EXTI7
SH.GPXTI7.ConfNb=1
SH.GPXTI8.0=GPIO_EXTI8
SH.GPXTI8.ConfNb=1
SH.GPXTI9.0=GPIO_EXTI9
SH.GPXTI9.ConfNb=1
SH.S_TIM16_CH1.0=TIM16_CH1,PWM Generation1 CH1
SH.S_TIM16_CH1.ConfNb=1
SH.S_TIM2_CH1.0=TIM2_CH1,PWM Generation1 CH1
SH.S_TIM2_CH1.ConfNb=1
SH.S_TIM2_CH3.0=TIM2_CH3,PWM Generation3 CH3
SH.S_TIM2_CH3.ConfNb=1
SH.S_TIM2_CH4.0=TIM2_CH4
SH.S_TIM2_CH4.ConfNb=1
SH.SharedAnalog_PC2.0=GPIO_Analog
SH.SharedAnalog_PC2.1=ADC1_IN3,IN3-Single-Ended
SH.SharedAnalog_PC2.ConfNb=2
SPI1.BaudRatePrescaler=SPI_BAUDRATEPRESCALER_128
SPI1.CalculateBaudRate=250.0 KBits/s
SPI1.DataSize=SPI_DATASIZE_8BIT
SPI1.Direction=SPI_DIRECTION_2LINES
SPI1.IPParameters=VirtualType,Mode,Direction,CalculateBaudRate,DataSize,BaudRatePrescaler
SPI1.Mode=SPI_MODE_MASTER
SPI1.VirtualType=VM_MASTER
SPI2.CalculateBaudRate=16.0 MBits/s
SPI2.Direction=SPI_DIRECTION_2LINES
SPI2.IPParameters=VirtualType,Mode,Direction,CalculateBaudRate
SPI2.Mode=SPI_MODE_MASTER
SPI2.VirtualType=VM_MASTER
STM32_WPAN.BLE_CFG_DIS_MANUFACTURER_NAME_STRING=1
STM32_WPAN.BLE_CFG_HRS_BODY_SENSOR_LOCATION_CHAR=0
STM32_WPAN.BT_SIG_HEART_RATE_SENSOR=Enabled
STM32_WPAN.CFG_BLE_ATT_VALUE_ARRAY_SIZE=1644
STM32_WPAN.CFG_BLE_MAX_ATT_MTU=300
STM32_WPAN.CFG_BLE_MIN_TX_POWER=-40
STM32_WPAN.CFG_BONDING_MODE=1
STM32_WPAN.CFG_DEBUGGER_SUPPORTED=1
STM32_WPAN.CFG_LPM_SUPPORTED=0
STM32_WPAN.CFG_RTCCLK_DIVIDER_CONF=\ 16
STM32_WPAN.CFG_TX_POWER=(0x18) /* -0.15dBm */
STM32_WPAN.DBG_TRACE_USE_CIRCULAR_QUEUE=0
STM32_WPAN.IPParameters=CFG_TX_POWER,CFG_LPM_SUPPORTED,DBG_TRACE_USE_CIRCULAR_QUEUE,CFG_DEBUGGER_SUPPORTED,BT_SIG_HEART_RATE_SENSOR,LOCAL_NAME,LOCAL_NAME_FORMATTED,BLE_CFG_DIS_MANUFACTURER_NAME_STRING,BLE_CFG_HRS_BODY_SENSOR_LOCATION_CHAR,CFG_RTCCLK_DIVIDER_CONF,CFG_BLE_MAX_ATT_MTU,CFG_BLE_ATT_VALUE_ARRAY_SIZE,CFG_BLE_MIN_TX_POWER,CFG_BONDING_MODE
STM32_WPAN.LOCAL_NAME=BUZZC
STM32_WPAN.LOCAL_NAME_FORMATTED=,'B','U','Z','Z','C'
TIM16.Channel=TIM_CHANNEL_1
TIM16.IPParameters=Channel,Pulse,Period,Prescaler
TIM16.Period=99
TIM16.Prescaler=31
TIM16.Pulse=49
TIM2.Channel-PWM\ Generation1\ CH1=TIM_CHANNEL_1
TIM2.Channel-PWM\ Generation3\ CH3=TIM_CHANNEL_3
TIM2.IPParameters=Prescaler,Period,Channel-PWM Generation1 CH1,Channel-PWM Generation3 CH3,Pulse-PWM Generation3 CH3,Pulse-PWM Generation1 CH1
TIM2.Period=999
TIM2.Prescaler=31
TIM2.Pulse-PWM\ Generation1\ CH1=500
TIM2.Pulse-PWM\ Generation3\ CH3=500
USB_DEVICE.CLASS_NAME_FS=CDC
USB_DEVICE.IPParameters=VirtualMode,VirtualModeFS,CLASS_NAME_FS
USB_DEVICE.VirtualMode=Cdc
USB_DEVICE.VirtualModeFS=Cdc_FS
VP_FATFS_VS_Generic.Mode=User_defined
VP_FATFS_VS_Generic.Signal=FATFS_VS_Generic
VP_FREERTOS_VS_CMSIS_V2.Mode=CMSIS_V2
VP_FREERTOS_VS_CMSIS_V2.Signal=FREERTOS_VS_CMSIS_V2
VP_HSEM_VS_HSEM.Mode=HSEM_Activate
VP_HSEM_VS_HSEM.Signal=HSEM_VS_HSEM
VP_IPCC_VS_IPCC.Mode=IPCC_Activate
VP_IPCC_VS_IPCC.Signal=IPCC_VS_IPCC
VP_MEMORYMAP_VS_MEMORYMAP.Mode=CurAppReg
VP_MEMORYMAP_VS_MEMORYMAP.Signal=MEMORYMAP_VS_MEMORYMAP
VP_RCC_V_OSC32_IN.Mode=LSE-External-Clock-Source
VP_RCC_V_OSC32_IN.Signal=RCC_V_OSC32_IN
VP_RCC_V_OSC_IN.Mode=HSE-External-Clock-Source
VP_RCC_V_OSC_IN.Signal=RCC_V_OSC_IN
VP_RF_VS_RF.Mode=RF_Activate
VP_RF_VS_RF.Signal=RF_VS_RF
VP_RTC_VS_RTC_Activate.Mode=RTC_Enabled
VP_RTC_VS_RTC_Activate.Signal=RTC_VS_RTC_Activate
VP_RTC_VS_RTC_Alarm_A_Intern.Mode=Alarm A
VP_RTC_VS_RTC_Alarm_A_Intern.Signal=RTC_VS_RTC_Alarm_A_Intern
VP_RTC_VS_RTC_Alarm_B_Intern.Mode=Alarm B
VP_RTC_VS_RTC_Alarm_B_Intern.Signal=RTC_VS_RTC_Alarm_B_Intern
VP_RTC_VS_RTC_Calendar.Mode=RTC_Calendar
VP_RTC_VS_RTC_Calendar.Signal=RTC_VS_RTC_Calendar
VP_SAI1_VP_$IpInstance_SAIA_SAI_BASIC.Mode=SAI_A_BASIC
VP_SAI1_VP_$IpInstance_SAIA_SAI_BASIC.Signal=SAI1_VP_$IpInstance_SAIA_SAI_BASIC
VP_STM32_WPAN_VS_BLE_HOST.Mode=STM32_WPAN_Enabled
VP_STM32_WPAN_VS_BLE_HOST.Signal=STM32_WPAN_VS_BLE_HOST
VP_SYS_VS_tim1.Mode=TIM1
VP_SYS_VS_tim1.Signal=SYS_VS_tim1
VP_TIM16_VS_ClockSourceINT.Mode=Enable_Timer
VP_TIM16_VS_ClockSourceINT.Signal=TIM16_VS_ClockSourceINT
VP_TINY_LPM_VS_TINY_LPM.Mode=TINY_LPM_Enabled
VP_TINY_LPM_VS_TINY_LPM.Signal=TINY_LPM_VS_TINY_LPM
VP_USB_DEVICE_VS_USB_DEVICE_CDC_FS.Mode=CDC_FS
VP_USB_DEVICE_VS_USB_DEVICE_CDC_FS.Signal=USB_DEVICE_VS_USB_DEVICE_CDC_FS
board=custom
rtos.0.ip=FREERTOS
